
Microsoft Visual Studio Solution File, Format Version 12.00
# Visual Studio Version 16
VisualStudioVersion = 16.0.32126.315
MinimumVisualStudioVersion = 10.0.40219.1
Project("{FAE04EC0-301F-11D3-BF4B-00C04F79EFBC}") = "NANA", "NANA.csproj", "{951E020D-F98D-4950-9FE0-16CB1BD798A9}"
EndProject
Global
	GlobalSection(SolutionConfigurationPlatforms) = preSolution
		Debug|Any CPU = Debug|Any CPU
		Release|Any CPU = Release|Any CPU
	EndGlobalSection
	GlobalSection(ProjectConfigurationPlatforms) = postSolution
		{951E020D-F98D-4950-9FE0-16CB1BD798A9}.Debug|Any CPU.ActiveCfg = Debug|Any CPU
		{951E020D-F98D-4950-9FE0-16CB1BD798A9}.Debug|Any CPU.Build.0 = Debug|Any CPU
		{951E020D-F98D-4950-9FE0-16CB1BD798A9}.Release|Any CPU.ActiveCfg = Release|Any CPU
		{951E020D-F98D-4950-9FE0-16CB1BD798A9}.Release|Any CPU.Build.0 = Release|Any CPU
	EndGlobalSection
	GlobalSection(SolutionProperties) = preSolution
		HideSolutionNode = FALSE
	EndGlobalSection
	GlobalSection(ExtensibilityGlobals) = postSolution
		SolutionGuid = {0AD2F24F-DFF9-4E94-B0FF-3774B6730C09}
	EndGlobalSection
EndGlobal
